name: update-flake-lock
on:
    push:
        branches:
            - main

jobs:
    update-flake:
        runs-on: ubuntu-latest
        permissions:
            contents: write
        steps:
            - name: Checkout repository
              uses: actions/checkout@v4

            - name: Install Nix
              uses: DeterminateSystems/determinate-nix-action@v3

            - name: Update and Push
              run: |
                  # Set identity so Git doesn't complain
                  git config user.name "github-actions[bot]"
                  git config user.email "github-actions[bot]@users.noreply.github.com"

                  # 1. Update the lockfile and commit it locally
                  nix flake update --commit-lock-file

                  # 2. Push directly to main
                  git push
