name: update-flake-lock
on:
    push:
        branches:
            - main

jobs:
    update-flake:
        runs-on: ubuntu-latest
        permissions:
            contents: write
        steps:
            - name: Checkout repository
              uses: actions/checkout@v4

            - name: Install Nix
              uses: DeterminateSystems/determinate-nix-action@v3

            - name: Update flake.lock
              uses: DeterminateSystems/update-flake-lock@v25
              with:
                  token: ${{ secrets.GITHUB_TOKEN }}
